
Microsoft Visual Studio Solution File, Format Version 12.00
# Visual Studio Version 17
VisualStudioVersion = 17.0.31903.59
MinimumVisualStudioVersion = 10.0.40219.1
Project("{2150E333-8FDC-42A3-9474-1A3956D46DE8}") = "src", "src", "{8D346A2D-9C37-4339-A379-C00CC4328FAC}"
EndProject
Project("{2150E333-8FDC-42A3-9474-1A3956D46DE8}") = "tests", "tests", "{B9EA6A76-C0DE-4A7C-9D10-27C74A65FC40}"
EndProject
Project("{9A19103F-16F7-4668-BE54-9A1E7A4F7556}") = "HotelBookingProject.Domain", "src\HotelBookingProject.Domain\HotelBookingProject.Domain.csproj", "{688EEFDF-9763-4B1A-91FC-C33C03FA6D12}"
EndProject
Project("{9A19103F-16F7-4668-BE54-9A1E7A4F7556}") = "HotelBookingProject.Infrastructure.Data", "src\HotelBookingProject.Infrastructure.Data\HotelBookingProject.Infrastructure.Data.csproj", "{C845AAF2-FC8C-4F9F-BAD3-13BE13768F42}"
EndProject
Project("{9A19103F-16F7-4668-BE54-9A1E7A4F7556}") = "HotelBookingProject.WebAPI", "src\HotelBookingProject.WebAPI\HotelBookingProject.WebAPI.csproj", "{B8807C48-93C8-4C85-8556-D832C30582F0}"
EndProject
Project("{9A19103F-16F7-4668-BE54-9A1E7A4F7556}") = "HotelBookingProject.WebUI", "src\HotelBookingProject.WebUI\HotelBookingProject.WebUI.csproj", "{32D42A11-4D9B-419D-BC9E-677ED0321C99}"
EndProject
Project("{9A19103F-16F7-4668-BE54-9A1E7A4F7556}") = "HotelBookingProject.Tests", "tests\HotelBookingProjects.Tests\HotelBookingProject.Tests.csproj", "{D99C836B-8DC1-424C-955C-D96E44321B26}"
EndProject
Project("{FAE04EC0-301F-11D3-BF4B-00C04F79EFBC}") = "HotelBookingProject.Application", "src\HotelBookingProject.Application\HotelBookingProject.Application.csproj", "{0F3DAB91-4CEF-4681-8095-6170DDBA205F}"
EndProject
Global
	GlobalSection(SolutionConfigurationPlatforms) = preSolution
		Debug|Any CPU = Debug|Any CPU
		Release|Any CPU = Release|Any CPU
	EndGlobalSection
	GlobalSection(ProjectConfigurationPlatforms) = postSolution
		{688EEFDF-9763-4B1A-91FC-C33C03FA6D12}.Debug|Any CPU.ActiveCfg = Debug|Any CPU
		{688EEFDF-9763-4B1A-91FC-C33C03FA6D12}.Debug|Any CPU.Build.0 = Debug|Any CPU
		{688EEFDF-9763-4B1A-91FC-C33C03FA6D12}.Release|Any CPU.ActiveCfg = Release|Any CPU
		{688EEFDF-9763-4B1A-91FC-C33C03FA6D12}.Release|Any CPU.Build.0 = Release|Any CPU
		{C845AAF2-FC8C-4F9F-BAD3-13BE13768F42}.Debug|Any CPU.ActiveCfg = Debug|Any CPU
		{C845AAF2-FC8C-4F9F-BAD3-13BE13768F42}.Debug|Any CPU.Build.0 = Debug|Any CPU
		{C845AAF2-FC8C-4F9F-BAD3-13BE13768F42}.Release|Any CPU.ActiveCfg = Release|Any CPU
		{C845AAF2-FC8C-4F9F-BAD3-13BE13768F42}.Release|Any CPU.Build.0 = Release|Any CPU
		{B8807C48-93C8-4C85-8556-D832C30582F0}.Debug|Any CPU.ActiveCfg = Debug|Any CPU
		{B8807C48-93C8-4C85-8556-D832C30582F0}.Debug|Any CPU.Build.0 = Debug|Any CPU
		{B8807C48-93C8-4C85-8556-D832C30582F0}.Release|Any CPU.ActiveCfg = Release|Any CPU
		{B8807C48-93C8-4C85-8556-D832C30582F0}.Release|Any CPU.Build.0 = Release|Any CPU
		{32D42A11-4D9B-419D-BC9E-677ED0321C99}.Debug|Any CPU.ActiveCfg = Debug|Any CPU
		{32D42A11-4D9B-419D-BC9E-677ED0321C99}.Debug|Any CPU.Build.0 = Debug|Any CPU
		{32D42A11-4D9B-419D-BC9E-677ED0321C99}.Release|Any CPU.ActiveCfg = Release|Any CPU
		{32D42A11-4D9B-419D-BC9E-677ED0321C99}.Release|Any CPU.Build.0 = Release|Any CPU
		{D99C836B-8DC1-424C-955C-D96E44321B26}.Debug|Any CPU.ActiveCfg = Debug|Any CPU
		{D99C836B-8DC1-424C-955C-D96E44321B26}.Debug|Any CPU.Build.0 = Debug|Any CPU
		{D99C836B-8DC1-424C-955C-D96E44321B26}.Release|Any CPU.ActiveCfg = Release|Any CPU
		{D99C836B-8DC1-424C-955C-D96E44321B26}.Release|Any CPU.Build.0 = Release|Any CPU
		{0F3DAB91-4CEF-4681-8095-6170DDBA205F}.Debug|Any CPU.ActiveCfg = Debug|Any CPU
		{0F3DAB91-4CEF-4681-8095-6170DDBA205F}.Debug|Any CPU.Build.0 = Debug|Any CPU
		{0F3DAB91-4CEF-4681-8095-6170DDBA205F}.Release|Any CPU.ActiveCfg = Release|Any CPU
		{0F3DAB91-4CEF-4681-8095-6170DDBA205F}.Release|Any CPU.Build.0 = Release|Any CPU
	EndGlobalSection
	GlobalSection(SolutionProperties) = preSolution
		HideSolutionNode = FALSE
	EndGlobalSection
	GlobalSection(NestedProjects) = preSolution
		{688EEFDF-9763-4B1A-91FC-C33C03FA6D12} = {8D346A2D-9C37-4339-A379-C00CC4328FAC}
		{C845AAF2-FC8C-4F9F-BAD3-13BE13768F42} = {8D346A2D-9C37-4339-A379-C00CC4328FAC}
		{B8807C48-93C8-4C85-8556-D832C30582F0} = {8D346A2D-9C37-4339-A379-C00CC4328FAC}
		{32D42A11-4D9B-419D-BC9E-677ED0321C99} = {8D346A2D-9C37-4339-A379-C00CC4328FAC}
		{D99C836B-8DC1-424C-955C-D96E44321B26} = {B9EA6A76-C0DE-4A7C-9D10-27C74A65FC40}
		{0F3DAB91-4CEF-4681-8095-6170DDBA205F} = {8D346A2D-9C37-4339-A379-C00CC4328FAC}
	EndGlobalSection
	GlobalSection(ExtensibilityGlobals) = postSolution
		SolutionGuid = {682DFDC1-E288-463F-B75D-87ACAAAFFF1A}
	EndGlobalSection
EndGlobal
